
Microsoft Visual Studio Solution File, Format Version 12.00
# Visual Studio Version 16
VisualStudioVersion = 16.0.30225.117
MinimumVisualStudioVersion = 15.0.26124.0
Project("{2150E333-8FDC-42A3-9474-1A3956D46DE8}") = "src", "src", "{19290A6B-F545-4D0A-A58B-650D4AD7A2A9}"
EndProject
Project("{9A19103F-16F7-4668-BE54-9A1E7A4F7556}") = "GranDen.TimeLib.ClockShaft", "src\GranDen.TimeLib.ClockShaft\GranDen.TimeLib.ClockShaft.csproj", "{3BA8A1F6-467C-435A-85A8-2764823ED6EF}"
EndProject
Project("{2150E333-8FDC-42A3-9474-1A3956D46DE8}") = "test", "test", "{C359A2CB-119C-49E4-8B98-EF129054BB3E}"
EndProject
Project("{FAE04EC0-301F-11D3-BF4B-00C04F79EFBC}") = "ClockShaftTest", "test\ClockShaftTest\ClockShaftTest.csproj", "{D8D55A37-F04B-454B-A177-47F572D7A52C}"
EndProject
Project("{FAE04EC0-301F-11D3-BF4B-00C04F79EFBC}") = "GranDen.TimeLib.ClockShaft.Options", "src\GranDen.TimeLib.ClockShaft.Options\GranDen.TimeLib.ClockShaft.Options.csproj", "{D4369DB1-A4AA-43DB-8478-7D552956D84F}"
EndProject
Project("{2150E333-8FDC-42A3-9474-1A3956D46DE8}") = "test_sample", "test_sample", "{AF136E1E-8CB0-4340-BCC3-085C127DCFCB}"
EndProject
Project("{FAE04EC0-301F-11D3-BF4B-00C04F79EFBC}") = "DemoWebApp", "test_sample\DemoWebApp\DemoWebApp.csproj", "{7FB5C75F-CF8C-4C56-9F18-CB7B3450BCE8}"
EndProject
Global
	GlobalSection(SolutionConfigurationPlatforms) = preSolution
		Debug|Any CPU = Debug|Any CPU
		Debug|x64 = Debug|x64
		Debug|x86 = Debug|x86
		Release|Any CPU = Release|Any CPU
		Release|x64 = Release|x64
		Release|x86 = Release|x86
	EndGlobalSection
	GlobalSection(ProjectConfigurationPlatforms) = postSolution
		{3BA8A1F6-467C-435A-85A8-2764823ED6EF}.Debug|Any CPU.ActiveCfg = Debug|Any CPU
		{3BA8A1F6-467C-435A-85A8-2764823ED6EF}.Debug|Any CPU.Build.0 = Debug|Any CPU
		{3BA8A1F6-467C-435A-85A8-2764823ED6EF}.Debug|x64.ActiveCfg = Debug|Any CPU
		{3BA8A1F6-467C-435A-85A8-2764823ED6EF}.Debug|x64.Build.0 = Debug|Any CPU
		{3BA8A1F6-467C-435A-85A8-2764823ED6EF}.Debug|x86.ActiveCfg = Debug|Any CPU
		{3BA8A1F6-467C-435A-85A8-2764823ED6EF}.Debug|x86.Build.0 = Debug|Any CPU
		{3BA8A1F6-467C-435A-85A8-2764823ED6EF}.Release|Any CPU.ActiveCfg = Release|Any CPU
		{3BA8A1F6-467C-435A-85A8-2764823ED6EF}.Release|Any CPU.Build.0 = Release|Any CPU
		{3BA8A1F6-467C-435A-85A8-2764823ED6EF}.Release|x64.ActiveCfg = Release|Any CPU
		{3BA8A1F6-467C-435A-85A8-2764823ED6EF}.Release|x64.Build.0 = Release|Any CPU
		{3BA8A1F6-467C-435A-85A8-2764823ED6EF}.Release|x86.ActiveCfg = Release|Any CPU
		{3BA8A1F6-467C-435A-85A8-2764823ED6EF}.Release|x86.Build.0 = Release|Any CPU
		{D8D55A37-F04B-454B-A177-47F572D7A52C}.Debug|Any CPU.ActiveCfg = Debug|Any CPU
		{D8D55A37-F04B-454B-A177-47F572D7A52C}.Debug|Any CPU.Build.0 = Debug|Any CPU
		{D8D55A37-F04B-454B-A177-47F572D7A52C}.Debug|x64.ActiveCfg = Debug|Any CPU
		{D8D55A37-F04B-454B-A177-47F572D7A52C}.Debug|x64.Build.0 = Debug|Any CPU
		{D8D55A37-F04B-454B-A177-47F572D7A52C}.Debug|x86.ActiveCfg = Debug|Any CPU
		{D8D55A37-F04B-454B-A177-47F572D7A52C}.Debug|x86.Build.0 = Debug|Any CPU
		{D8D55A37-F04B-454B-A177-47F572D7A52C}.Release|Any CPU.ActiveCfg = Release|Any CPU
		{D8D55A37-F04B-454B-A177-47F572D7A52C}.Release|Any CPU.Build.0 = Release|Any CPU
		{D8D55A37-F04B-454B-A177-47F572D7A52C}.Release|x64.ActiveCfg = Release|Any CPU
		{D8D55A37-F04B-454B-A177-47F572D7A52C}.Release|x64.Build.0 = Release|Any CPU
		{D8D55A37-F04B-454B-A177-47F572D7A52C}.Release|x86.ActiveCfg = Release|Any CPU
		{D8D55A37-F04B-454B-A177-47F572D7A52C}.Release|x86.Build.0 = Release|Any CPU
		{D4369DB1-A4AA-43DB-8478-7D552956D84F}.Debug|Any CPU.ActiveCfg = Debug|Any CPU
		{D4369DB1-A4AA-43DB-8478-7D552956D84F}.Debug|Any CPU.Build.0 = Debug|Any CPU
		{D4369DB1-A4AA-43DB-8478-7D552956D84F}.Debug|x64.ActiveCfg = Debug|Any CPU
		{D4369DB1-A4AA-43DB-8478-7D552956D84F}.Debug|x64.Build.0 = Debug|Any CPU
		{D4369DB1-A4AA-43DB-8478-7D552956D84F}.Debug|x86.ActiveCfg = Debug|Any CPU
		{D4369DB1-A4AA-43DB-8478-7D552956D84F}.Debug|x86.Build.0 = Debug|Any CPU
		{D4369DB1-A4AA-43DB-8478-7D552956D84F}.Release|Any CPU.ActiveCfg = Release|Any CPU
		{D4369DB1-A4AA-43DB-8478-7D552956D84F}.Release|Any CPU.Build.0 = Release|Any CPU
		{D4369DB1-A4AA-43DB-8478-7D552956D84F}.Release|x64.ActiveCfg = Release|Any CPU
		{D4369DB1-A4AA-43DB-8478-7D552956D84F}.Release|x64.Build.0 = Release|Any CPU
		{D4369DB1-A4AA-43DB-8478-7D552956D84F}.Release|x86.ActiveCfg = Release|Any CPU
		{D4369DB1-A4AA-43DB-8478-7D552956D84F}.Release|x86.Build.0 = Release|Any CPU
		{7FB5C75F-CF8C-4C56-9F18-CB7B3450BCE8}.Debug|Any CPU.ActiveCfg = Debug|Any CPU
		{7FB5C75F-CF8C-4C56-9F18-CB7B3450BCE8}.Debug|Any CPU.Build.0 = Debug|Any CPU
		{7FB5C75F-CF8C-4C56-9F18-CB7B3450BCE8}.Debug|x64.ActiveCfg = Debug|Any CPU
		{7FB5C75F-CF8C-4C56-9F18-CB7B3450BCE8}.Debug|x64.Build.0 = Debug|Any CPU
		{7FB5C75F-CF8C-4C56-9F18-CB7B3450BCE8}.Debug|x86.ActiveCfg = Debug|Any CPU
		{7FB5C75F-CF8C-4C56-9F18-CB7B3450BCE8}.Debug|x86.Build.0 = Debug|Any CPU
		{7FB5C75F-CF8C-4C56-9F18-CB7B3450BCE8}.Release|Any CPU.ActiveCfg = Release|Any CPU
		{7FB5C75F-CF8C-4C56-9F18-CB7B3450BCE8}.Release|Any CPU.Build.0 = Release|Any CPU
		{7FB5C75F-CF8C-4C56-9F18-CB7B3450BCE8}.Release|x64.ActiveCfg = Release|Any CPU
		{7FB5C75F-CF8C-4C56-9F18-CB7B3450BCE8}.Release|x64.Build.0 = Release|Any CPU
		{7FB5C75F-CF8C-4C56-9F18-CB7B3450BCE8}.Release|x86.ActiveCfg = Release|Any CPU
		{7FB5C75F-CF8C-4C56-9F18-CB7B3450BCE8}.Release|x86.Build.0 = Release|Any CPU
	EndGlobalSection
	GlobalSection(SolutionProperties) = preSolution
		HideSolutionNode = FALSE
	EndGlobalSection
	GlobalSection(NestedProjects) = preSolution
		{3BA8A1F6-467C-435A-85A8-2764823ED6EF} = {19290A6B-F545-4D0A-A58B-650D4AD7A2A9}
		{D8D55A37-F04B-454B-A177-47F572D7A52C} = {C359A2CB-119C-49E4-8B98-EF129054BB3E}
		{D4369DB1-A4AA-43DB-8478-7D552956D84F} = {19290A6B-F545-4D0A-A58B-650D4AD7A2A9}
		{7FB5C75F-CF8C-4C56-9F18-CB7B3450BCE8} = {AF136E1E-8CB0-4340-BCC3-085C127DCFCB}
	EndGlobalSection
	GlobalSection(ExtensibilityGlobals) = postSolution
		SolutionGuid = {A5B00AD3-6131-47FF-9F80-80BD7B9FADDD}
	EndGlobalSection
EndGlobal
